
Microsoft Visual Studio Solution File, Format Version 12.00
# Visual Studio Version 16
VisualStudioVersion = 16.0.30804.86
MinimumVisualStudioVersion = 10.0.40219.1
Project("{9A19103F-16F7-4668-BE54-9A1E7A4F7556}") = "Hilos", "Thread\Hilos.csproj", "{3C10CE24-F3E7-4C89-ABE1-20CE515CE6F1}"
EndProject
Project("{FAE04EC0-301F-11D3-BF4B-00C04F79EFBC}") = "HilosPool", "HilosPool\HilosPool.csproj", "{56B6A7AC-2EAC-4599-84FE-4C3012308367}"
EndProject
Global
	GlobalSection(SolutionConfigurationPlatforms) = preSolution
		Debug|Any CPU = Debug|Any CPU
		Release|Any CPU = Release|Any CPU
	EndGlobalSection
	GlobalSection(ProjectConfigurationPlatforms) = postSolution
		{3C10CE24-F3E7-4C89-ABE1-20CE515CE6F1}.Debug|Any CPU.ActiveCfg = Debug|Any CPU
		{3C10CE24-F3E7-4C89-ABE1-20CE515CE6F1}.Debug|Any CPU.Build.0 = Debug|Any CPU
		{3C10CE24-F3E7-4C89-ABE1-20CE515CE6F1}.Release|Any CPU.ActiveCfg = Release|Any CPU
		{3C10CE24-F3E7-4C89-ABE1-20CE515CE6F1}.Release|Any CPU.Build.0 = Release|Any CPU
		{56B6A7AC-2EAC-4599-84FE-4C3012308367}.Debug|Any CPU.ActiveCfg = Debug|Any CPU
		{56B6A7AC-2EAC-4599-84FE-4C3012308367}.Debug|Any CPU.Build.0 = Debug|Any CPU
		{56B6A7AC-2EAC-4599-84FE-4C3012308367}.Release|Any CPU.ActiveCfg = Release|Any CPU
		{56B6A7AC-2EAC-4599-84FE-4C3012308367}.Release|Any CPU.Build.0 = Release|Any CPU
	EndGlobalSection
	GlobalSection(SolutionProperties) = preSolution
		HideSolutionNode = FALSE
	EndGlobalSection
	GlobalSection(ExtensibilityGlobals) = postSolution
		SolutionGuid = {9E245026-C17C-4A14-B00D-54281859BBE5}
	EndGlobalSection
EndGlobal
